
Microsoft Visual Studio Solution File, Format Version 12.00
# Visual Studio Version 17
VisualStudioVersion = 17.7.34018.315
MinimumVisualStudioVersion = 10.0.40219.1
Project("{FAE04EC0-301F-11D3-BF4B-00C04F79EFBC}") = "Module02_Activity02.Android", "Module02_Activity02\Module02_Activity02.Android\Module02_Activity02.Android.csproj", "{41661DF5-5DC4-4B31-AEFC-6A132B37BB17}"
EndProject
Project("{FAE04EC0-301F-11D3-BF4B-00C04F79EFBC}") = "Module02_Activity02", "Module02_Activity02\Module02_Activity02\Module02_Activity02.csproj", "{2D0712D6-5225-4938-8091-02618FA6B774}"
EndProject
Global
	GlobalSection(SolutionConfigurationPlatforms) = preSolution
		Debug|Any CPU = Debug|Any CPU
		Release|Any CPU = Release|Any CPU
	EndGlobalSection
	GlobalSection(ProjectConfigurationPlatforms) = postSolution
		{41661DF5-5DC4-4B31-AEFC-6A132B37BB17}.Debug|Any CPU.ActiveCfg = Debug|Any CPU
		{41661DF5-5DC4-4B31-AEFC-6A132B37BB17}.Debug|Any CPU.Build.0 = Debug|Any CPU
		{41661DF5-5DC4-4B31-AEFC-6A132B37BB17}.Debug|Any CPU.Deploy.0 = Debug|Any CPU
		{41661DF5-5DC4-4B31-AEFC-6A132B37BB17}.Release|Any CPU.ActiveCfg = Release|Any CPU
		{41661DF5-5DC4-4B31-AEFC-6A132B37BB17}.Release|Any CPU.Build.0 = Release|Any CPU
		{41661DF5-5DC4-4B31-AEFC-6A132B37BB17}.Release|Any CPU.Deploy.0 = Release|Any CPU
		{2D0712D6-5225-4938-8091-02618FA6B774}.Debug|Any CPU.ActiveCfg = Debug|Any CPU
		{2D0712D6-5225-4938-8091-02618FA6B774}.Debug|Any CPU.Build.0 = Debug|Any CPU
		{2D0712D6-5225-4938-8091-02618FA6B774}.Debug|Any CPU.Deploy.0 = Debug|Any CPU
		{2D0712D6-5225-4938-8091-02618FA6B774}.Release|Any CPU.ActiveCfg = Release|Any CPU
		{2D0712D6-5225-4938-8091-02618FA6B774}.Release|Any CPU.Build.0 = Release|Any CPU
		{2D0712D6-5225-4938-8091-02618FA6B774}.Release|Any CPU.Deploy.0 = Release|Any CPU
	EndGlobalSection
	GlobalSection(SolutionProperties) = preSolution
		HideSolutionNode = FALSE
	EndGlobalSection
	GlobalSection(ExtensibilityGlobals) = postSolution
		SolutionGuid = {ED9DAA85-AF49-4F77-83D6-532E93309FC6}
	EndGlobalSection
EndGlobal
